
Microsoft Visual Studio Solution File, Format Version 12.00
# Visual Studio Version 17
VisualStudioVersion = 17.13.35825.156 d17.13
MinimumVisualStudioVersion = 10.0.40219.1
Project("{FAE04EC0-301F-11D3-BF4B-00C04F79EFBC}") = "CFDI.BuildPdf", "CFDI.BuildPdf\CFDI.BuildPdf.csproj", "{205BABCD-6564-44F6-9099-DF9AEB008659}"
EndProject
Global
	GlobalSection(SolutionConfigurationPlatforms) = preSolution
		Debug|Any CPU = Debug|Any CPU
		Release|Any CPU = Release|Any CPU
	EndGlobalSection
	GlobalSection(ProjectConfigurationPlatforms) = postSolution
		{205BABCD-6564-44F6-9099-DF9AEB008659}.Debug|Any CPU.ActiveCfg = Debug|Any CPU
		{205BABCD-6564-44F6-9099-DF9AEB008659}.Debug|Any CPU.Build.0 = Debug|Any CPU
		{205BABCD-6564-44F6-9099-DF9AEB008659}.Release|Any CPU.ActiveCfg = Release|Any CPU
		{205BABCD-6564-44F6-9099-DF9AEB008659}.Release|Any CPU.Build.0 = Release|Any CPU
	EndGlobalSection
	GlobalSection(SolutionProperties) = preSolution
		HideSolutionNode = FALSE
	EndGlobalSection
	GlobalSection(ExtensibilityGlobals) = postSolution
		SolutionGuid = {E1743DAF-EE25-45A2-9365-A9A0D630F39A}
	EndGlobalSection
EndGlobal
